
Microsoft Visual Studio Solution File, Format Version 12.00
# Visual Studio Version 17
VisualStudioVersion = 17.7.34031.279
MinimumVisualStudioVersion = 10.0.40219.1
Project("{FAE04EC0-301F-11D3-BF4B-00C04F79EFBC}") = "Homework_25_10", "Homework_25_10.csproj", "{AA5ED5A4-FE19-4606-9FBD-983D4C2E22A5}"
EndProject
Global
	GlobalSection(SolutionConfigurationPlatforms) = preSolution
		Debug|Any CPU = Debug|Any CPU
		Release|Any CPU = Release|Any CPU
	EndGlobalSection
	GlobalSection(ProjectConfigurationPlatforms) = postSolution
		{AA5ED5A4-FE19-4606-9FBD-983D4C2E22A5}.Debug|Any CPU.ActiveCfg = Debug|Any CPU
		{AA5ED5A4-FE19-4606-9FBD-983D4C2E22A5}.Debug|Any CPU.Build.0 = Debug|Any CPU
		{AA5ED5A4-FE19-4606-9FBD-983D4C2E22A5}.Release|Any CPU.ActiveCfg = Release|Any CPU
		{AA5ED5A4-FE19-4606-9FBD-983D4C2E22A5}.Release|Any CPU.Build.0 = Release|Any CPU
	EndGlobalSection
	GlobalSection(SolutionProperties) = preSolution
		HideSolutionNode = FALSE
	EndGlobalSection
	GlobalSection(ExtensibilityGlobals) = postSolution
		SolutionGuid = {5E4A555E-B9FE-4840-B4A6-4B6218B71727}
	EndGlobalSection
EndGlobal
